
Microsoft Visual Studio Solution File, Format Version 12.00
# Visual Studio Version 17
VisualStudioVersion = 17.1.32210.238
MinimumVisualStudioVersion = 10.0.40219.1
Project("{8BC9CEB8-8B4A-11D0-8D11-00A0C91BC942}") = "lab0002", "lab0002.vcxproj", "{AF74D1F3-F9B5-4483-9AE8-E13F404F913F}"
EndProject
Global
	GlobalSection(SolutionConfigurationPlatforms) = preSolution
		Debug|x64 = Debug|x64
		Debug|x86 = Debug|x86
		Release|x64 = Release|x64
		Release|x86 = Release|x86
	EndGlobalSection
	GlobalSection(ProjectConfigurationPlatforms) = postSolution
		{AF74D1F3-F9B5-4483-9AE8-E13F404F913F}.Debug|x64.ActiveCfg = Debug|x64
		{AF74D1F3-F9B5-4483-9AE8-E13F404F913F}.Debug|x64.Build.0 = Debug|x64
		{AF74D1F3-F9B5-4483-9AE8-E13F404F913F}.Debug|x86.ActiveCfg = Debug|Win32
		{AF74D1F3-F9B5-4483-9AE8-E13F404F913F}.Debug|x86.Build.0 = Debug|Win32
		{AF74D1F3-F9B5-4483-9AE8-E13F404F913F}.Release|x64.ActiveCfg = Release|x64
		{AF74D1F3-F9B5-4483-9AE8-E13F404F913F}.Release|x64.Build.0 = Release|x64
		{AF74D1F3-F9B5-4483-9AE8-E13F404F913F}.Release|x86.ActiveCfg = Release|Win32
		{AF74D1F3-F9B5-4483-9AE8-E13F404F913F}.Release|x86.Build.0 = Release|Win32
	EndGlobalSection
	GlobalSection(SolutionProperties) = preSolution
		HideSolutionNode = FALSE
	EndGlobalSection
	GlobalSection(ExtensibilityGlobals) = postSolution
		SolutionGuid = {E67CE9B6-98BD-4CA9-A21B-4BE532D34BB6}
	EndGlobalSection
EndGlobal
